
Microsoft Visual Studio Solution File, Format Version 12.00
# Visual Studio Version 16
VisualStudioVersion = 16.0.31112.23
MinimumVisualStudioVersion = 10.0.40219.1
Project("{FAE04EC0-301F-11D3-BF4B-00C04F79EFBC}") = "music.UWP", "music\music.UWP\music.UWP.csproj", "{72774016-C5B9-40FE-BCC4-7A6B66BD7EE2}"
EndProject
Project("{FAE04EC0-301F-11D3-BF4B-00C04F79EFBC}") = "music.Android", "music\music.Android\music.Android.csproj", "{02F98C2B-1D46-4B26-AE2F-13183C3AC755}"
EndProject
Project("{FAE04EC0-301F-11D3-BF4B-00C04F79EFBC}") = "music.iOS", "music\music.iOS\music.iOS.csproj", "{E5815527-B673-45ED-9852-2D858586E6BE}"
EndProject
Project("{FAE04EC0-301F-11D3-BF4B-00C04F79EFBC}") = "music", "music\music\music.csproj", "{B262DD87-2439-4927-AB22-2C96883B6847}"
EndProject
Global
	GlobalSection(SolutionConfigurationPlatforms) = preSolution
		Debug|Any CPU = Debug|Any CPU
		Debug|ARM = Debug|ARM
		Debug|iPhone = Debug|iPhone
		Debug|iPhoneSimulator = Debug|iPhoneSimulator
		Debug|x64 = Debug|x64
		Debug|x86 = Debug|x86
		Release|Any CPU = Release|Any CPU
		Release|ARM = Release|ARM
		Release|iPhone = Release|iPhone
		Release|iPhoneSimulator = Release|iPhoneSimulator
		Release|x64 = Release|x64
		Release|x86 = Release|x86
	EndGlobalSection
	GlobalSection(ProjectConfigurationPlatforms) = postSolution
		{72774016-C5B9-40FE-BCC4-7A6B66BD7EE2}.Debug|Any CPU.ActiveCfg = Debug|x86
		{72774016-C5B9-40FE-BCC4-7A6B66BD7EE2}.Debug|Any CPU.Build.0 = Debug|x86
		{72774016-C5B9-40FE-BCC4-7A6B66BD7EE2}.Debug|Any CPU.Deploy.0 = Debug|x86
		{72774016-C5B9-40FE-BCC4-7A6B66BD7EE2}.Debug|ARM.ActiveCfg = Debug|ARM
		{72774016-C5B9-40FE-BCC4-7A6B66BD7EE2}.Debug|ARM.Build.0 = Debug|ARM
		{72774016-C5B9-40FE-BCC4-7A6B66BD7EE2}.Debug|ARM.Deploy.0 = Debug|ARM
		{72774016-C5B9-40FE-BCC4-7A6B66BD7EE2}.Debug|iPhone.ActiveCfg = Debug|x86
		{72774016-C5B9-40FE-BCC4-7A6B66BD7EE2}.Debug|iPhone.Build.0 = Debug|x86
		{72774016-C5B9-40FE-BCC4-7A6B66BD7EE2}.Debug|iPhone.Deploy.0 = Debug|x86
		{72774016-C5B9-40FE-BCC4-7A6B66BD7EE2}.Debug|iPhoneSimulator.ActiveCfg = Debug|x86
		{72774016-C5B9-40FE-BCC4-7A6B66BD7EE2}.Debug|iPhoneSimulator.Build.0 = Debug|x86
		{72774016-C5B9-40FE-BCC4-7A6B66BD7EE2}.Debug|iPhoneSimulator.Deploy.0 = Debug|x86
		{72774016-C5B9-40FE-BCC4-7A6B66BD7EE2}.Debug|x64.ActiveCfg = Debug|x64
		{72774016-C5B9-40FE-BCC4-7A6B66BD7EE2}.Debug|x64.Build.0 = Debug|x64
		{72774016-C5B9-40FE-BCC4-7A6B66BD7EE2}.Debug|x64.Deploy.0 = Debug|x64
		{72774016-C5B9-40FE-BCC4-7A6B66BD7EE2}.Debug|x86.ActiveCfg = Debug|x86
		{72774016-C5B9-40FE-BCC4-7A6B66BD7EE2}.Debug|x86.Build.0 = Debug|x86
		{72774016-C5B9-40FE-BCC4-7A6B66BD7EE2}.Debug|x86.Deploy.0 = Debug|x86
		{72774016-C5B9-40FE-BCC4-7A6B66BD7EE2}.Release|Any CPU.ActiveCfg = Release|x86
		{72774016-C5B9-40FE-BCC4-7A6B66BD7EE2}.Release|Any CPU.Build.0 = Release|x86
		{72774016-C5B9-40FE-BCC4-7A6B66BD7EE2}.Release|Any CPU.Deploy.0 = Release|x86
		{72774016-C5B9-40FE-BCC4-7A6B66BD7EE2}.Release|ARM.ActiveCfg = Release|ARM
		{72774016-C5B9-40FE-BCC4-7A6B66BD7EE2}.Release|ARM.Build.0 = Release|ARM
		{72774016-C5B9-40FE-BCC4-7A6B66BD7EE2}.Release|ARM.Deploy.0 = Release|ARM
		{72774016-C5B9-40FE-BCC4-7A6B66BD7EE2}.Release|iPhone.ActiveCfg = Release|x86
		{72774016-C5B9-40FE-BCC4-7A6B66BD7EE2}.Release|iPhone.Build.0 = Release|x86
		{72774016-C5B9-40FE-BCC4-7A6B66BD7EE2}.Release|iPhone.Deploy.0 = Release|x86
		{72774016-C5B9-40FE-BCC4-7A6B66BD7EE2}.Release|iPhoneSimulator.ActiveCfg = Release|x86
		{72774016-C5B9-40FE-BCC4-7A6B66BD7EE2}.Release|iPhoneSimulator.Build.0 = Release|x86
		{72774016-C5B9-40FE-BCC4-7A6B66BD7EE2}.Release|iPhoneSimulator.Deploy.0 = Release|x86
		{72774016-C5B9-40FE-BCC4-7A6B66BD7EE2}.Release|x64.ActiveCfg = Release|x64
		{72774016-C5B9-40FE-BCC4-7A6B66BD7EE2}.Release|x64.Build.0 = Release|x64
		{72774016-C5B9-40FE-BCC4-7A6B66BD7EE2}.Release|x64.Deploy.0 = Release|x64
		{72774016-C5B9-40FE-BCC4-7A6B66BD7EE2}.Release|x86.ActiveCfg = Release|x86
		{72774016-C5B9-40FE-BCC4-7A6B66BD7EE2}.Release|x86.Build.0 = Release|x86
		{72774016-C5B9-40FE-BCC4-7A6B66BD7EE2}.Release|x86.Deploy.0 = Release|x86
		{02F98C2B-1D46-4B26-AE2F-13183C3AC755}.Debug|Any CPU.ActiveCfg = Debug|Any CPU
		{02F98C2B-1D46-4B26-AE2F-13183C3AC755}.Debug|Any CPU.Build.0 = Debug|Any CPU
		{02F98C2B-1D46-4B26-AE2F-13183C3AC755}.Debug|Any CPU.Deploy.0 = Debug|Any CPU
		{02F98C2B-1D46-4B26-AE2F-13183C3AC755}.Debug|ARM.ActiveCfg = Debug|Any CPU
		{02F98C2B-1D46-4B26-AE2F-13183C3AC755}.Debug|ARM.Build.0 = Debug|Any CPU
		{02F98C2B-1D46-4B26-AE2F-13183C3AC755}.Debug|ARM.Deploy.0 = Debug|Any CPU
		{02F98C2B-1D46-4B26-AE2F-13183C3AC755}.Debug|iPhone.ActiveCfg = Debug|Any CPU
		{02F98C2B-1D46-4B26-AE2F-13183C3AC755}.Debug|iPhone.Build.0 = Debug|Any CPU
		{02F98C2B-1D46-4B26-AE2F-13183C3AC755}.Debug|iPhone.Deploy.0 = Debug|Any CPU
		{02F98C2B-1D46-4B26-AE2F-13183C3AC755}.Debug|iPhoneSimulator.ActiveCfg = Debug|Any CPU
		{02F98C2B-1D46-4B26-AE2F-13183C3AC755}.Debug|iPhoneSimulator.Build.0 = Debug|Any CPU
		{02F98C2B-1D46-4B26-AE2F-13183C3AC755}.Debug|iPhoneSimulator.Deploy.0 = Debug|Any CPU
		{02F98C2B-1D46-4B26-AE2F-13183C3AC755}.Debug|x64.ActiveCfg = Debug|Any CPU
		{02F98C2B-1D46-4B26-AE2F-13183C3AC755}.Debug|x64.Build.0 = Debug|Any CPU
		{02F98C2B-1D46-4B26-AE2F-13183C3AC755}.Debug|x64.Deploy.0 = Debug|Any CPU
		{02F98C2B-1D46-4B26-AE2F-13183C3AC755}.Debug|x86.ActiveCfg = Debug|Any CPU
		{02F98C2B-1D46-4B26-AE2F-13183C3AC755}.Debug|x86.Build.0 = Debug|Any CPU
		{02F98C2B-1D46-4B26-AE2F-13183C3AC755}.Debug|x86.Deploy.0 = Debug|Any CPU
		{02F98C2B-1D46-4B26-AE2F-13183C3AC755}.Release|Any CPU.ActiveCfg = Release|Any CPU
		{02F98C2B-1D46-4B26-AE2F-13183C3AC755}.Release|Any CPU.Build.0 = Release|Any CPU
		{02F98C2B-1D46-4B26-AE2F-13183C3AC755}.Release|Any CPU.Deploy.0 = Release|Any CPU
		{02F98C2B-1D46-4B26-AE2F-13183C3AC755}.Release|ARM.ActiveCfg = Release|Any CPU
		{02F98C2B-1D46-4B26-AE2F-13183C3AC755}.Release|ARM.Build.0 = Release|Any CPU
		{02F98C2B-1D46-4B26-AE2F-13183C3AC755}.Release|ARM.Deploy.0 = Release|Any CPU
		{02F98C2B-1D46-4B26-AE2F-13183C3AC755}.Release|iPhone.ActiveCfg = Release|Any CPU
		{02F98C2B-1D46-4B26-AE2F-13183C3AC755}.Release|iPhone.Build.0 = Release|Any CPU
		{02F98C2B-1D46-4B26-AE2F-13183C3AC755}.Release|iPhone.Deploy.0 = Release|Any CPU
		{02F98C2B-1D46-4B26-AE2F-13183C3AC755}.Release|iPhoneSimulator.ActiveCfg = Release|Any CPU
		{02F98C2B-1D46-4B26-AE2F-13183C3AC755}.Release|iPhoneSimulator.Build.0 = Release|Any CPU
		{02F98C2B-1D46-4B26-AE2F-13183C3AC755}.Release|iPhoneSimulator.Deploy.0 = Release|Any CPU
		{02F98C2B-1D46-4B26-AE2F-13183C3AC755}.Release|x64.ActiveCfg = Release|Any CPU
		{02F98C2B-1D46-4B26-AE2F-13183C3AC755}.Release|x64.Build.0 = Release|Any CPU
		{02F98C2B-1D46-4B26-AE2F-13183C3AC755}.Release|x64.Deploy.0 = Release|Any CPU
		{02F98C2B-1D46-4B26-AE2F-13183C3AC755}.Release|x86.ActiveCfg = Release|Any CPU
		{02F98C2B-1D46-4B26-AE2F-13183C3AC755}.Release|x86.Build.0 = Release|Any CPU
		{02F98C2B-1D46-4B26-AE2F-13183C3AC755}.Release|x86.Deploy.0 = Release|Any CPU
		{E5815527-B673-45ED-9852-2D858586E6BE}.Debug|Any CPU.ActiveCfg = Debug|iPhoneSimulator
		{E5815527-B673-45ED-9852-2D858586E6BE}.Debug|Any CPU.Build.0 = Debug|iPhoneSimulator
		{E5815527-B673-45ED-9852-2D858586E6BE}.Debug|Any CPU.Deploy.0 = Debug|iPhoneSimulator
		{E5815527-B673-45ED-9852-2D858586E6BE}.Debug|ARM.ActiveCfg = Debug|iPhone
		{E5815527-B673-45ED-9852-2D858586E6BE}.Debug|ARM.Build.0 = Debug|iPhone
		{E5815527-B673-45ED-9852-2D858586E6BE}.Debug|ARM.Deploy.0 = Debug|iPhone
		{E5815527-B673-45ED-9852-2D858586E6BE}.Debug|iPhone.ActiveCfg = Debug|iPhone
		{E5815527-B673-45ED-9852-2D858586E6BE}.Debug|iPhone.Build.0 = Debug|iPhone
		{E5815527-B673-45ED-9852-2D858586E6BE}.Debug|iPhone.Deploy.0 = Debug|iPhone
		{E5815527-B673-45ED-9852-2D858586E6BE}.Debug|iPhoneSimulator.ActiveCfg = Debug|iPhoneSimulator
		{E5815527-B673-45ED-9852-2D858586E6BE}.Debug|iPhoneSimulator.Build.0 = Debug|iPhoneSimulator
		{E5815527-B673-45ED-9852-2D858586E6BE}.Debug|iPhoneSimulator.Deploy.0 = Debug|iPhoneSimulator
		{E5815527-B673-45ED-9852-2D858586E6BE}.Debug|x64.ActiveCfg = Debug|iPhoneSimulator
		{E5815527-B673-45ED-9852-2D858586E6BE}.Debug|x64.Build.0 = Debug|iPhoneSimulator
		{E5815527-B673-45ED-9852-2D858586E6BE}.Debug|x64.Deploy.0 = Debug|iPhoneSimulator
		{E5815527-B673-45ED-9852-2D858586E6BE}.Debug|x86.ActiveCfg = Debug|iPhoneSimulator
		{E5815527-B673-45ED-9852-2D858586E6BE}.Debug|x86.Build.0 = Debug|iPhoneSimulator
		{E5815527-B673-45ED-9852-2D858586E6BE}.Debug|x86.Deploy.0 = Debug|iPhoneSimulator
		{E5815527-B673-45ED-9852-2D858586E6BE}.Release|Any CPU.ActiveCfg = Release|iPhoneSimulator
		{E5815527-B673-45ED-9852-2D858586E6BE}.Release|Any CPU.Build.0 = Release|iPhoneSimulator
		{E5815527-B673-45ED-9852-2D858586E6BE}.Release|Any CPU.Deploy.0 = Release|iPhoneSimulator
		{E5815527-B673-45ED-9852-2D858586E6BE}.Release|ARM.ActiveCfg = Release|iPhoneSimulator
		{E5815527-B673-45ED-9852-2D858586E6BE}.Release|ARM.Build.0 = Release|iPhoneSimulator
		{E5815527-B673-45ED-9852-2D858586E6BE}.Release|ARM.Deploy.0 = Release|iPhoneSimulator
		{E5815527-B673-45ED-9852-2D858586E6BE}.Release|iPhone.ActiveCfg = Release|iPhone
		{E5815527-B673-45ED-9852-2D858586E6BE}.Release|iPhone.Build.0 = Release|iPhone
		{E5815527-B673-45ED-9852-2D858586E6BE}.Release|iPhone.Deploy.0 = Release|iPhone
		{E5815527-B673-45ED-9852-2D858586E6BE}.Release|iPhoneSimulator.ActiveCfg = Release|iPhoneSimulator
		{E5815527-B673-45ED-9852-2D858586E6BE}.Release|iPhoneSimulator.Build.0 = Release|iPhoneSimulator
		{E5815527-B673-45ED-9852-2D858586E6BE}.Release|iPhoneSimulator.Deploy.0 = Release|iPhoneSimulator
		{E5815527-B673-45ED-9852-2D858586E6BE}.Release|x64.ActiveCfg = Release|iPhoneSimulator
		{E5815527-B673-45ED-9852-2D858586E6BE}.Release|x64.Build.0 = Release|iPhoneSimulator
		{E5815527-B673-45ED-9852-2D858586E6BE}.Release|x64.Deploy.0 = Release|iPhoneSimulator
		{E5815527-B673-45ED-9852-2D858586E6BE}.Release|x86.ActiveCfg = Release|iPhoneSimulator
		{E5815527-B673-45ED-9852-2D858586E6BE}.Release|x86.Build.0 = Release|iPhoneSimulator
		{E5815527-B673-45ED-9852-2D858586E6BE}.Release|x86.Deploy.0 = Release|iPhoneSimulator
		{B262DD87-2439-4927-AB22-2C96883B6847}.Debug|Any CPU.ActiveCfg = Debug|Any CPU
		{B262DD87-2439-4927-AB22-2C96883B6847}.Debug|Any CPU.Build.0 = Debug|Any CPU
		{B262DD87-2439-4927-AB22-2C96883B6847}.Debug|Any CPU.Deploy.0 = Debug|Any CPU
		{B262DD87-2439-4927-AB22-2C96883B6847}.Debug|ARM.ActiveCfg = Debug|Any CPU
		{B262DD87-2439-4927-AB22-2C96883B6847}.Debug|ARM.Build.0 = Debug|Any CPU
		{B262DD87-2439-4927-AB22-2C96883B6847}.Debug|ARM.Deploy.0 = Debug|Any CPU
		{B262DD87-2439-4927-AB22-2C96883B6847}.Debug|iPhone.ActiveCfg = Debug|Any CPU
		{B262DD87-2439-4927-AB22-2C96883B6847}.Debug|iPhone.Build.0 = Debug|Any CPU
		{B262DD87-2439-4927-AB22-2C96883B6847}.Debug|iPhone.Deploy.0 = Debug|Any CPU
		{B262DD87-2439-4927-AB22-2C96883B6847}.Debug|iPhoneSimulator.ActiveCfg = Debug|Any CPU
		{B262DD87-2439-4927-AB22-2C96883B6847}.Debug|iPhoneSimulator.Build.0 = Debug|Any CPU
		{B262DD87-2439-4927-AB22-2C96883B6847}.Debug|iPhoneSimulator.Deploy.0 = Debug|Any CPU
		{B262DD87-2439-4927-AB22-2C96883B6847}.Debug|x64.ActiveCfg = Debug|Any CPU
		{B262DD87-2439-4927-AB22-2C96883B6847}.Debug|x64.Build.0 = Debug|Any CPU
		{B262DD87-2439-4927-AB22-2C96883B6847}.Debug|x64.Deploy.0 = Debug|Any CPU
		{B262DD87-2439-4927-AB22-2C96883B6847}.Debug|x86.ActiveCfg = Debug|Any CPU
		{B262DD87-2439-4927-AB22-2C96883B6847}.Debug|x86.Build.0 = Debug|Any CPU
		{B262DD87-2439-4927-AB22-2C96883B6847}.Debug|x86.Deploy.0 = Debug|Any CPU
		{B262DD87-2439-4927-AB22-2C96883B6847}.Release|Any CPU.ActiveCfg = Release|Any CPU
		{B262DD87-2439-4927-AB22-2C96883B6847}.Release|Any CPU.Build.0 = Release|Any CPU
		{B262DD87-2439-4927-AB22-2C96883B6847}.Release|Any CPU.Deploy.0 = Release|Any CPU
		{B262DD87-2439-4927-AB22-2C96883B6847}.Release|ARM.ActiveCfg = Release|Any CPU
		{B262DD87-2439-4927-AB22-2C96883B6847}.Release|ARM.Build.0 = Release|Any CPU
		{B262DD87-2439-4927-AB22-2C96883B6847}.Release|ARM.Deploy.0 = Release|Any CPU
		{B262DD87-2439-4927-AB22-2C96883B6847}.Release|iPhone.ActiveCfg = Release|Any CPU
		{B262DD87-2439-4927-AB22-2C96883B6847}.Release|iPhone.Build.0 = Release|Any CPU
		{B262DD87-2439-4927-AB22-2C96883B6847}.Release|iPhone.Deploy.0 = Release|Any CPU
		{B262DD87-2439-4927-AB22-2C96883B6847}.Release|iPhoneSimulator.ActiveCfg = Release|Any CPU
		{B262DD87-2439-4927-AB22-2C96883B6847}.Release|iPhoneSimulator.Build.0 = Release|Any CPU
		{B262DD87-2439-4927-AB22-2C96883B6847}.Release|iPhoneSimulator.Deploy.0 = Release|Any CPU
		{B262DD87-2439-4927-AB22-2C96883B6847}.Release|x64.ActiveCfg = Release|Any CPU
		{B262DD87-2439-4927-AB22-2C96883B6847}.Release|x64.Build.0 = Release|Any CPU
		{B262DD87-2439-4927-AB22-2C96883B6847}.Release|x64.Deploy.0 = Release|Any CPU
		{B262DD87-2439-4927-AB22-2C96883B6847}.Release|x86.ActiveCfg = Release|Any CPU
		{B262DD87-2439-4927-AB22-2C96883B6847}.Release|x86.Build.0 = Release|Any CPU
		{B262DD87-2439-4927-AB22-2C96883B6847}.Release|x86.Deploy.0 = Release|Any CPU
	EndGlobalSection
	GlobalSection(SolutionProperties) = preSolution
		HideSolutionNode = FALSE
	EndGlobalSection
	GlobalSection(ExtensibilityGlobals) = postSolution
		SolutionGuid = {12334906-66BA-44DB-9939-6CA3886751A4}
	EndGlobalSection
EndGlobal
